
Microsoft Visual Studio Solution File, Format Version 12.00
# Visual Studio Version 17
VisualStudioVersion = 17.0.31903.59
MinimumVisualStudioVersion = 10.0.40219.1
Project("{9A19103F-16F7-4668-BE54-9A1E7A4F7556}") = "BookingHandler", "BookingHandler\BookingHandler.csproj", "{E00F438B-4990-499F-B2D4-D02081F02258}"
EndProject
Project("{9A19103F-16F7-4668-BE54-9A1E7A4F7556}") = "BookingProducer", "BookingProducer\BookingProducer.csproj", "{A693280A-0195-42CE-AAA1-BC19096CFCEB}"
EndProject
Project("{FAE04EC0-301F-11D3-BF4B-00C04F79EFBC}") = "BookingHandler.Tests", "BookingHandler.Tests\BookingHandler.Tests.csproj", "{65883E04-3447-4C44-95E1-6AAE8428F42A}"
EndProject
Project("{FAE04EC0-301F-11D3-BF4B-00C04F79EFBC}") = "BookingProducer.Tests", "BookingProducer.Tests\BookingProducer.Tests.csproj", "{88413654-0BBA-492C-93A9-3F04E20A3EE6}"
EndProject
Global
	GlobalSection(SolutionConfigurationPlatforms) = preSolution
		Debug|Any CPU = Debug|Any CPU
		Release|Any CPU = Release|Any CPU
	EndGlobalSection
	GlobalSection(ProjectConfigurationPlatforms) = postSolution
		{5E9EA1D6-91CC-47C7-B1AB-3FE9DF94B5FE}.Debug|Any CPU.ActiveCfg = Debug|Any CPU
		{5E9EA1D6-91CC-47C7-B1AB-3FE9DF94B5FE}.Debug|Any CPU.Build.0 = Debug|Any CPU
		{5E9EA1D6-91CC-47C7-B1AB-3FE9DF94B5FE}.Release|Any CPU.ActiveCfg = Release|Any CPU
		{5E9EA1D6-91CC-47C7-B1AB-3FE9DF94B5FE}.Release|Any CPU.Build.0 = Release|Any CPU
		{A693280A-0195-42CE-AAA1-BC19096CFCEB}.Debug|Any CPU.ActiveCfg = Debug|Any CPU
		{A693280A-0195-42CE-AAA1-BC19096CFCEB}.Debug|Any CPU.Build.0 = Debug|Any CPU
		{A693280A-0195-42CE-AAA1-BC19096CFCEB}.Release|Any CPU.ActiveCfg = Release|Any CPU
		{A693280A-0195-42CE-AAA1-BC19096CFCEB}.Release|Any CPU.Build.0 = Release|Any CPU
		{E00F438B-4990-499F-B2D4-D02081F02258}.Debug|Any CPU.ActiveCfg = Debug|Any CPU
		{E00F438B-4990-499F-B2D4-D02081F02258}.Debug|Any CPU.Build.0 = Debug|Any CPU
		{E00F438B-4990-499F-B2D4-D02081F02258}.Release|Any CPU.ActiveCfg = Release|Any CPU
		{E00F438B-4990-499F-B2D4-D02081F02258}.Release|Any CPU.Build.0 = Release|Any CPU
		{65883E04-3447-4C44-95E1-6AAE8428F42A}.Debug|Any CPU.ActiveCfg = Debug|Any CPU
		{65883E04-3447-4C44-95E1-6AAE8428F42A}.Debug|Any CPU.Build.0 = Debug|Any CPU
		{65883E04-3447-4C44-95E1-6AAE8428F42A}.Release|Any CPU.ActiveCfg = Release|Any CPU
		{65883E04-3447-4C44-95E1-6AAE8428F42A}.Release|Any CPU.Build.0 = Release|Any CPU
		{88413654-0BBA-492C-93A9-3F04E20A3EE6}.Debug|Any CPU.ActiveCfg = Debug|Any CPU
		{88413654-0BBA-492C-93A9-3F04E20A3EE6}.Debug|Any CPU.Build.0 = Debug|Any CPU
		{88413654-0BBA-492C-93A9-3F04E20A3EE6}.Release|Any CPU.ActiveCfg = Release|Any CPU
		{88413654-0BBA-492C-93A9-3F04E20A3EE6}.Release|Any CPU.Build.0 = Release|Any CPU
	EndGlobalSection
	GlobalSection(SolutionProperties) = preSolution
		HideSolutionNode = FALSE
	EndGlobalSection
	GlobalSection(ExtensibilityGlobals) = postSolution
		SolutionGuid = {F37127A8-430E-4D25-A9A2-D0E48545A788}
	EndGlobalSection
EndGlobal
