
Microsoft Visual Studio Solution File, Format Version 12.00
# Visual Studio Version 17
VisualStudioVersion = 17.4.32916.344
MinimumVisualStudioVersion = 10.0.40219.1
Project("{9A19103F-16F7-4668-BE54-9A1E7A4F7556}") = "Booking Producer", "Booking Producer.csproj", "{8BD1FE7E-CA75-4A7F-8C7F-1BA29F5387F3}"
EndProject
Global
	GlobalSection(SolutionConfigurationPlatforms) = preSolution
		Debug|Any CPU = Debug|Any CPU
		Release|Any CPU = Release|Any CPU
	EndGlobalSection
	GlobalSection(ProjectConfigurationPlatforms) = postSolution
		{8BD1FE7E-CA75-4A7F-8C7F-1BA29F5387F3}.Debug|Any CPU.ActiveCfg = Debug|Any CPU
		{8BD1FE7E-CA75-4A7F-8C7F-1BA29F5387F3}.Debug|Any CPU.Build.0 = Debug|Any CPU
		{8BD1FE7E-CA75-4A7F-8C7F-1BA29F5387F3}.Release|Any CPU.ActiveCfg = Release|Any CPU
		{8BD1FE7E-CA75-4A7F-8C7F-1BA29F5387F3}.Release|Any CPU.Build.0 = Release|Any CPU
		{94FFC6C7-449D-46BD-88DC-6D6DBA07ADBC}.Debug|Any CPU.ActiveCfg = Debug|Any CPU
		{94FFC6C7-449D-46BD-88DC-6D6DBA07ADBC}.Debug|Any CPU.Build.0 = Debug|Any CPU
		{94FFC6C7-449D-46BD-88DC-6D6DBA07ADBC}.Release|Any CPU.ActiveCfg = Release|Any CPU
		{94FFC6C7-449D-46BD-88DC-6D6DBA07ADBC}.Release|Any CPU.Build.0 = Release|Any CPU
	EndGlobalSection
	GlobalSection(SolutionProperties) = preSolution
		HideSolutionNode = FALSE
	EndGlobalSection
	GlobalSection(ExtensibilityGlobals) = postSolution
		SolutionGuid = {22017AB7-3C5D-4E5D-8DC6-C948144B1514}
	EndGlobalSection
EndGlobal
